// !$*UTF8*$!
{
	archiveVersion = 1;
	classes = {
	};
	objectVersion = 56;
	objects = {

/* Begin PBXBuildFile section */
		5052D5482CE34480004EEAAB /* OwnPostApp.swift in Sources */ = {isa = PBXBuildFile; fileRef = 5052D5472CE34480004EEAAB /* OwnPostApp.swift */; };
		5052D54A2CE34480004EEAAB /* ContentView.swift in Sources */ = {isa = PBXBuildFile; fileRef = 5052D5492CE34480004EEAAB /* ContentView.swift */; };
		5052D54C2CE34481004EEAAB /* Assets.xcassets in Resources */ = {isa = PBXBuildFile; fileRef = 5052D54B2CE34481004EEAAB /* Assets.xcassets */; };
		5052D54F2CE34481004EEAAB /* Preview Assets.xcassets in Resources */ = {isa = PBXBuildFile; fileRef = 5052D54E2CE34481004EEAAB /* Preview Assets.xcassets */; };
		5052D5592CE34481004EEAAB /* OwnPostTests.swift in Sources */ = {isa = PBXBuildFile; fileRef = 5052D5582CE34481004EEAAB /* OwnPostTests.swift */; };
		5052D5632CE34481004EEAAB /* OwnPostUITests.swift in Sources */ = {isa = PBXBuildFile; fileRef = 5052D5622CE34481004EEAAB /* OwnPostUITests.swift */; };
		5052D5652CE34481004EEAAB /* OwnPostUITestsLaunchTests.swift in Sources */ = {isa = PBXBuildFile; fileRef = 5052D5642CE34481004EEAAB /* OwnPostUITestsLaunchTests.swift */; };
/* End PBXBuildFile section */

/* Begin PBXContainerItemProxy section */
		5052D5552CE34481004EEAAB /* PBXContainerItemProxy */ = {
			isa = PBXContainerItemProxy;
			containerPortal = 5052D53C2CE34480004EEAAB /* Project object */;
			proxyType = 1;
			remoteGlobalIDString = 5052D5432CE34480004EEAAB;
			remoteInfo = OwnPost;
		};
		5052D55F2CE34481004EEAAB /* PBXContainerItemProxy */ = {
			isa = PBXContainerItemProxy;
			containerPortal = 5052D53C2CE34480004EEAAB /* Project object */;
			proxyType = 1;
			remoteGlobalIDString = 5052D5432CE34480004EEAAB;
			remoteInfo = OwnPost;
		};
/* End PBXContainerItemProxy section */

/* Begin PBXFileReference section */
		5052D5442CE34480004EEAAB /* OwnPost.app */ = {isa = PBXFileReference; explicitFileType = wrapper.application; includeInIndex = 0; path = OwnPost.app; sourceTree = BUILT_PRODUCTS_DIR; };
		5052D5472CE34480004EEAAB /* OwnPostApp.swift */ = {isa = PBXFileReference; lastKnownFileType = sourcecode.swift; path = OwnPostApp.swift; sourceTree = "<group>"; };
		5052D5492CE34480004EEAAB /* ContentView.swift */ = {isa = PBXFileReference; lastKnownFileType = sourcecode.swift; path = ContentView.swift; sourceTree = "<group>"; };
		5052D54B2CE34481004EEAAB /* Assets.xcassets */ = {isa = PBXFileReference; lastKnownFileType = folder.assetcatalog; path = Assets.xcassets; sourceTree = "<group>"; };
		5052D54E2CE34481004EEAAB /* Preview Assets.xcassets */ = {isa = PBXFileReference; lastKnownFileType = folder.assetcatalog; path = "Preview Assets.xcassets"; sourceTree = "<group>"; };
		5052D5542CE34481004EEAAB /* OwnPostTests.xctest */ = {isa = PBXFileReference; explicitFileType = wrapper.cfbundle; includeInIndex = 0; path = OwnPostTests.xctest; sourceTree = BUILT_PRODUCTS_DIR; };
		5052D5582CE34481004EEAAB /* OwnPostTests.swift */ = {isa = PBXFileReference; lastKnownFileType = sourcecode.swift; path = OwnPostTests.swift; sourceTree = "<group>"; };
		5052D55E2CE34481004EEAAB /* OwnPostUITests.xctest */ = {isa = PBXFileReference; explicitFileType = wrapper.cfbundle; includeInIndex = 0; path = OwnPostUITests.xctest; sourceTree = BUILT_PRODUCTS_DIR; };
		5052D5622CE34481004EEAAB /* OwnPostUITests.swift */ = {isa = PBXFileReference; lastKnownFileType = sourcecode.swift; path = OwnPostUITests.swift; sourceTree = "<group>"; };
		5052D5642CE34481004EEAAB /* OwnPostUITestsLaunchTests.swift */ = {isa = PBXFileReference; lastKnownFileType = sourcecode.swift; path = OwnPostUITestsLaunchTests.swift; sourceTree = "<group>"; };
/* End PBXFileReference section */

/* Begin PBXFrameworksBuildPhase section */
		5052D5412CE34480004EEAAB /* Frameworks */ = {
			isa = PBXFrameworksBuildPhase;
			buildActionMask = 2147483647;
			files = (
			);
			runOnlyForDeploymentPostprocessing = 0;
		};
		5052D5512CE34481004EEAAB /* Frameworks */ = {
			isa = PBXFrameworksBuildPhase;
			buildActionMask = 2147483647;
			files = (
			);
			runOnlyForDeploymentPostprocessing = 0;
		};
		5052D55B2CE34481004EEAAB /* Frameworks */ = {
			isa = PBXFrameworksBuildPhase;
			buildActionMask = 2147483647;
			files = (
			);
			runOnlyForDeploymentPostprocessing = 0;
		};
/* End PBXFrameworksBuildPhase section */

/* Begin PBXGroup section */
		5052D53B2CE34480004EEAAB = {
			isa = PBXGroup;
			children = (
				5052D5462CE34480004EEAAB /* OwnPost */,
				5052D5572CE34481004EEAAB /* OwnPostTests */,
				5052D5612CE34481004EEAAB /* OwnPostUITests */,
				5052D5452CE34480004EEAAB /* Products */,
			);
			sourceTree = "<group>";
		};
		5052D5452CE34480004EEAAB /* Products */ = {
			isa = PBXGroup;
			children = (
				5052D5442CE34480004EEAAB /* OwnPost.app */,
				5052D5542CE34481004EEAAB /* OwnPostTests.xctest */,
				5052D55E2CE34481004EEAAB /* OwnPostUITests.xctest */,
			);
			name = Products;
			sourceTree = "<group>";
		};
		5052D5462CE34480004EEAAB /* OwnPost */ = {
			isa = PBXGroup;
			children = (
				5052D5472CE34480004EEAAB /* OwnPostApp.swift */,
				5052D5492CE34480004EEAAB /* ContentView.swift */,
				5052D54B2CE34481004EEAAB /* Assets.xcassets */,
				5052D54D2CE34481004EEAAB /* Preview Content */,
			);
			path = OwnPost;
			sourceTree = "<group>";
		};
		5052D54D2CE34481004EEAAB /* Preview Content */ = {
			isa = PBXGroup;
			children = (
				5052D54E2CE34481004EEAAB /* Preview Assets.xcassets */,
			);
			path = "Preview Content";
			sourceTree = "<group>";
		};
		5052D5572CE34481004EEAAB /* OwnPostTests */ = {
			isa = PBXGroup;
			children = (
				5052D5582CE34481004EEAAB /* OwnPostTests.swift */,
			);
			path = OwnPostTests;
			sourceTree = "<group>";
		};
		5052D5612CE34481004EEAAB /* OwnPostUITests */ = {
			isa = PBXGroup;
			children = (
				5052D5622CE34481004EEAAB /* OwnPostUITests.swift */,
				5052D5642CE34481004EEAAB /* OwnPostUITestsLaunchTests.swift */,
			);
			path = OwnPostUITests;
			sourceTree = "<group>";
		};
/* End PBXGroup section */

/* Begin PBXNativeTarget section */
		5052D5432CE34480004EEAAB /* OwnPost */ = {
			isa = PBXNativeTarget;
			buildConfigurationList = 5052D5682CE34481004EEAAB /* Build configuration list for PBXNativeTarget "OwnPost" */;
			buildPhases = (
				5052D5402CE34480004EEAAB /* Sources */,
				5052D5412CE34480004EEAAB /* Frameworks */,
				5052D5422CE34480004EEAAB /* Resources */,
			);
			buildRules = (
			);
			dependencies = (
			);
			name = OwnPost;
			productName = OwnPost;
			productReference = 5052D5442CE34480004EEAAB /* OwnPost.app */;
			productType = "com.apple.product-type.application";
		};
		5052D5532CE34481004EEAAB /* OwnPostTests */ = {
			isa = PBXNativeTarget;
			buildConfigurationList = 5052D56B2CE34481004EEAAB /* Build configuration list for PBXNativeTarget "OwnPostTests" */;
			buildPhases = (
				5052D5502CE34481004EEAAB /* Sources */,
				5052D5512CE34481004EEAAB /* Frameworks */,
				5052D5522CE34481004EEAAB /* Resources */,
			);
			buildRules = (
			);
			dependencies = (
				5052D5562CE34481004EEAAB /* PBXTargetDependency */,
			);
			name = OwnPostTests;
			productName = OwnPostTests;
			productReference = 5052D5542CE34481004EEAAB /* OwnPostTests.xctest */;
			productType = "com.apple.product-type.bundle.unit-test";
		};
		5052D55D2CE34481004EEAAB /* OwnPostUITests */ = {
			isa = PBXNativeTarget;
			buildConfigurationList = 5052D56E2CE34481004EEAAB /* Build configuration list for PBXNativeTarget "OwnPostUITests" */;
			buildPhases = (
				5052D55A2CE34481004EEAAB /* Sources */,
				5052D55B2CE34481004EEAAB /* Frameworks */,
				5052D55C2CE34481004EEAAB /* Resources */,
			);
			buildRules = (
			);
			dependencies = (
				5052D5602CE34481004EEAAB /* PBXTargetDependency */,
			);
			name = OwnPostUITests;
			productName = OwnPostUITests;
			productReference = 5052D55E2CE34481004EEAAB /* OwnPostUITests.xctest */;
			productType = "com.apple.product-type.bundle.ui-testing";
		};
/* End PBXNativeTarget section */

/* Begin PBXProject section */
		5052D53C2CE34480004EEAAB /* Project object */ = {
			isa = PBXProject;
			attributes = {
				BuildIndependentTargetsInParallel = 1;
				LastSwiftUpdateCheck = 1540;
				LastUpgradeCheck = 1540;
				TargetAttributes = {
					5052D5432CE34480004EEAAB = {
						CreatedOnToolsVersion = 15.4;
					};
					5052D5532CE34481004EEAAB = {
						CreatedOnToolsVersion = 15.4;
						TestTargetID = 5052D5432CE34480004EEAAB;
					};
					5052D55D2CE34481004EEAAB = {
						CreatedOnToolsVersion = 15.4;
						TestTargetID = 5052D5432CE34480004EEAAB;
					};
				};
			};
			buildConfigurationList = 5052D53F2CE34480004EEAAB /* Build configuration list for PBXProject "OwnPost" */;
			compatibilityVersion = "Xcode 14.0";
			developmentRegion = en;
			hasScannedForEncodings = 0;
			knownRegions = (
				en,
				Base,
			);
			mainGroup = 5052D53B2CE34480004EEAAB;
			productRefGroup = 5052D5452CE34480004EEAAB /* Products */;
			projectDirPath = "";
			projectRoot = "";
			targets = (
				5052D5432CE34480004EEAAB /* OwnPost */,
				5052D5532CE34481004EEAAB /* OwnPostTests */,
				5052D55D2CE34481004EEAAB /* OwnPostUITests */,
			);
		};
/* End PBXProject section */

/* Begin PBXResourcesBuildPhase section */
		5052D5422CE34480004EEAAB /* Resources */ = {
			isa = PBXResourcesBuildPhase;
			buildActionMask = 2147483647;
			files = (
				5052D54F2CE34481004EEAAB /* Preview Assets.xcassets in Resources */,
				5052D54C2CE34481004EEAAB /* Assets.xcassets in Resources */,
			);
			runOnlyForDeploymentPostprocessing = 0;
		};
		5052D5522CE34481004EEAAB /* Resources */ = {
			isa = PBXResourcesBuildPhase;
			buildActionMask = 2147483647;
			files = (
			);
			runOnlyForDeploymentPostprocessing = 0;
		};
		5052D55C2CE34481004EEAAB /* Resources */ = {
			isa = PBXResourcesBuildPhase;
			buildActionMask = 2147483647;
			files = (
			);
			runOnlyForDeploymentPostprocessing = 0;
		};
/* End PBXResourcesBuildPhase section */

/* Begin PBXSourcesBuildPhase section */
		5052D5402CE34480004EEAAB /* Sources */ = {
			isa = PBXSourcesBuildPhase;
			buildActionMask = 2147483647;
			files = (
				5052D54A2CE34480004EEAAB /* ContentView.swift in Sources */,
				5052D5482CE34480004EEAAB /* OwnPostApp.swift in Sources */,
			);
			runOnlyForDeploymentPostprocessing = 0;
		};
		5052D5502CE34481004EEAAB /* Sources */ = {
			isa = PBXSourcesBuildPhase;
			buildActionMask = 2147483647;
			files = (
				5052D5592CE34481004EEAAB /* OwnPostTests.swift in Sources */,
			);
			runOnlyForDeploymentPostprocessing = 0;
		};
		5052D55A2CE34481004EEAAB /* Sources */ = {
			isa = PBXSourcesBuildPhase;
			buildActionMask = 2147483647;
			files = (
				5052D5632CE34481004EEAAB /* OwnPostUITests.swift in Sources */,
				5052D5652CE34481004EEAAB /* OwnPostUITestsLaunchTests.swift in Sources */,
			);
			runOnlyForDeploymentPostprocessing = 0;
		};
/* End PBXSourcesBuildPhase section */

/* Begin PBXTargetDependency section */
		5052D5562CE34481004EEAAB /* PBXTargetDependency */ = {
			isa = PBXTargetDependency;
			target = 5052D5432CE34480004EEAAB /* OwnPost */;
			targetProxy = 5052D5552CE34481004EEAAB /* PBXContainerItemProxy */;
		};
		5052D5602CE34481004EEAAB /* PBXTargetDependency */ = {
			isa = PBXTargetDependency;
			target = 5052D5432CE34480004EEAAB /* OwnPost */;
			targetProxy = 5052D55F2CE34481004EEAAB /* PBXContainerItemProxy */;
		};
/* End PBXTargetDependency section */

/* Begin XCBuildConfiguration section */
		5052D5662CE34481004EEAAB /* Debug */ = {
			isa = XCBuildConfiguration;
			buildSettings = {
				ALWAYS_SEARCH_USER_PATHS = NO;
				ASSETCATALOG_COMPILER_GENERATE_SWIFT_ASSET_SYMBOL_EXTENSIONS = YES;
				CLANG_ANALYZER_NONNULL = YES;
				CLANG_ANALYZER_NUMBER_OBJECT_CONVERSION = YES_AGGRESSIVE;
				CLANG_CXX_LANGUAGE_STANDARD = "gnu++20";
				CLANG_ENABLE_MODULES = YES;
				CLANG_ENABLE_OBJC_ARC = YES;
				CLANG_ENABLE_OBJC_WEAK = YES;
				CLANG_WARN_BLOCK_CAPTURE_AUTORELEASING = YES;
				CLANG_WARN_BOOL_CONVERSION = YES;
				CLANG_WARN_COMMA = YES;
				CLANG_WARN_CONSTANT_CONVERSION = YES;
				CLANG_WARN_DEPRECATED_OBJC_IMPLEMENTATIONS = YES;
				CLANG_WARN_DIRECT_OBJC_ISA_USAGE = YES_ERROR;
				CLANG_WARN_DOCUMENTATION_COMMENTS = YES;
				CLANG_WARN_EMPTY_BODY = YES;
				CLANG_WARN_ENUM_CONVERSION = YES;
				CLANG_WARN_INFINITE_RECURSION = YES;
				CLANG_WARN_INT_CONVERSION = YES;
				CLANG_WARN_NON_LITERAL_NULL_CONVERSION = YES;
				CLANG_WARN_OBJC_IMPLICIT_RETAIN_SELF = YES;
				CLANG_WARN_OBJC_LITERAL_CONVERSION = YES;
				CLANG_WARN_OBJC_ROOT_CLASS = YES_ERROR;
				CLANG_WARN_QUOTED_INCLUDE_IN_FRAMEWORK_HEADER = YES;
				CLANG_WARN_RANGE_LOOP_ANALYSIS = YES;
				CLANG_WARN_STRICT_PROTOTYPES = YES;
				CLANG_WARN_SUSPICIOUS_MOVE = YES;
				CLANG_WARN_UNGUARDED_AVAILABILITY = YES_AGGRESSIVE;
				CLANG_WARN_UNREACHABLE_CODE = YES;
				CLANG_WARN__DUPLICATE_METHOD_MATCH = YES;
				COPY_PHASE_STRIP = NO;
				DEBUG_INFORMATION_FORMAT = dwarf;
				ENABLE_STRICT_OBJC_MSGSEND = YES;
				ENABLE_TESTABILITY = YES;
				ENABLE_USER_SCRIPT_SANDBOXING = YES;
				GCC_C_LANGUAGE_STANDARD = gnu17;
				GCC_DYNAMIC_NO_PIC = NO;
				GCC_NO_COMMON_BLOCKS = YES;
				GCC_OPTIMIZATION_LEVEL = 0;
				GCC_PREPROCESSOR_DEFINITIONS = (
					"DEBUG=1",
					"$(inherited)",
				);
				GCC_WARN_64_TO_32_BIT_CONVERSION = YES;
				GCC_WARN_ABOUT_RETURN_TYPE = YES_ERROR;
				GCC_WARN_UNDECLARED_SELECTOR = YES;
				GCC_WARN_UNINITIALIZED_AUTOS = YES_AGGRESSIVE;
				GCC_WARN_UNUSED_FUNCTION = YES;
				GCC_WARN_UNUSED_VARIABLE = YES;
				IPHONEOS_DEPLOYMENT_TARGET = 17.5;
				LOCALIZATION_PREFERS_STRING_CATALOGS = YES;
				MTL_ENABLE_DEBUG_INFO = INCLUDE_SOURCE;
				MTL_FAST_MATH = YES;
				ONLY_ACTIVE_ARCH = YES;
				SDKROOT = iphoneos;
				SWIFT_ACTIVE_COMPILATION_CONDITIONS = "DEBUG $(inherited)";
				SWIFT_OPTIMIZATION_LEVEL = "-Onone";
			};
			name = Debug;
		};
		5052D5672CE34481004EEAAB /* Release */ = {
			isa = XCBuildConfiguration;
			buildSettings = {
				ALWAYS_SEARCH_USER_PATHS = NO;
				ASSETCATALOG_COMPILER_GENERATE_SWIFT_ASSET_SYMBOL_EXTENSIONS = YES;
				CLANG_ANALYZER_NONNULL = YES;
				CLANG_ANALYZER_NUMBER_OBJECT_CONVERSION = YES_AGGRESSIVE;
				CLANG_CXX_LANGUAGE_STANDARD = "gnu++20";
				CLANG_ENABLE_MODULES = YES;
				CLANG_ENABLE_OBJC_ARC = YES;
				CLANG_ENABLE_OBJC_WEAK = YES;
				CLANG_WARN_BLOCK_CAPTURE_AUTORELEASING = YES;
				CLANG_WARN_BOOL_CONVERSION = YES;
				CLANG_WARN_COMMA = YES;
				CLANG_WARN_CONSTANT_CONVERSION = YES;
				CLANG_WARN_DEPRECATED_OBJC_IMPLEMENTATIONS = YES;
				CLANG_WARN_DIRECT_OBJC_ISA_USAGE = YES_ERROR;
				CLANG_WARN_DOCUMENTATION_COMMENTS = YES;
				CLANG_WARN_EMPTY_BODY = YES;
				CLANG_WARN_ENUM_CONVERSION = YES;
				CLANG_WARN_INFINITE_RECURSION = YES;
				CLANG_WARN_INT_CONVERSION = YES;
				CLANG_WARN_NON_LITERAL_NULL_CONVERSION = YES;
				CLANG_WARN_OBJC_IMPLICIT_RETAIN_SELF = YES;
				CLANG_WARN_OBJC_LITERAL_CONVERSION = YES;
				CLANG_WARN_OBJC_ROOT_CLASS = YES_ERROR;
				CLANG_WARN_QUOTED_INCLUDE_IN_FRAMEWORK_HEADER = YES;
				CLANG_WARN_RANGE_LOOP_ANALYSIS = YES;
				CLANG_WARN_STRICT_PROTOTYPES = YES;
				CLANG_WARN_SUSPICIOUS_MOVE = YES;
				CLANG_WARN_UNGUARDED_AVAILABILITY = YES_AGGRESSIVE;
				CLANG_WARN_UNREACHABLE_CODE = YES;
				CLANG_WARN__DUPLICATE_METHOD_MATCH = YES;
				COPY_PHASE_STRIP = NO;
				DEBUG_INFORMATION_FORMAT = "dwarf-with-dsym";
				ENABLE_NS_ASSERTIONS = NO;
				ENABLE_STRICT_OBJC_MSGSEND = YES;
				ENABLE_USER_SCRIPT_SANDBOXING = YES;
				GCC_C_LANGUAGE_STANDARD = gnu17;
				GCC_NO_COMMON_BLOCKS = YES;
				GCC_WARN_64_TO_32_BIT_CONVERSION = YES;
				GCC_WARN_ABOUT_RETURN_TYPE = YES_ERROR;
				GCC_WARN_UNDECLARED_SELECTOR = YES;
				GCC_WARN_UNINITIALIZED_AUTOS = YES_AGGRESSIVE;
				GCC_WARN_UNUSED_FUNCTION = YES;
				GCC_WARN_UNUSED_VARIABLE = YES;
				IPHONEOS_DEPLOYMENT_TARGET = 17.5;
				LOCALIZATION_PREFERS_STRING_CATALOGS = YES;
				MTL_ENABLE_DEBUG_INFO = NO;
				MTL_FAST_MATH = YES;
				SDKROOT = iphoneos;
				SWIFT_COMPILATION_MODE = wholemodule;
				VALIDATE_PRODUCT = YES;
			};
			name = Release;
		};
		5052D5692CE34481004EEAAB /* Debug */ = {
			isa = XCBuildConfiguration;
			buildSettings = {
				ASSETCATALOG_COMPILER_APPICON_NAME = AppIcon;
				ASSETCATALOG_COMPILER_GLOBAL_ACCENT_COLOR_NAME = AccentColor;
				CODE_SIGN_STYLE = Automatic;
				CURRENT_PROJECT_VERSION = 1;
				DEVELOPMENT_ASSET_PATHS = "\"OwnPost/Preview Content\"";
				DEVELOPMENT_TEAM = WH3MW2N7CT;
				ENABLE_PREVIEWS = YES;
				GENERATE_INFOPLIST_FILE = YES;
				INFOPLIST_KEY_UIApplicationSceneManifest_Generation = YES;
				INFOPLIST_KEY_UIApplicationSupportsIndirectInputEvents = YES;
				INFOPLIST_KEY_UILaunchScreen_Generation = YES;
				INFOPLIST_KEY_UISupportedInterfaceOrientations_iPad = "UIInterfaceOrientationPortrait UIInterfaceOrientationPortraitUpsideDown UIInterfaceOrientationLandscapeLeft UIInterfaceOrientationLandscapeRight";
				INFOPLIST_KEY_UISupportedInterfaceOrientations_iPhone = "UIInterfaceOrientationPortrait UIInterfaceOrientationLandscapeLeft UIInterfaceOrientationLandscapeRight";
				LD_RUNPATH_SEARCH_PATHS = (
					"$(inherited)",
					"@executable_path/Frameworks",
				);
				MARKETING_VERSION = 1.0;
				PRODUCT_BUNDLE_IDENTIFIER = com.ownpost.OwnPost;
				PRODUCT_NAME = "$(TARGET_NAME)";
				SWIFT_EMIT_LOC_STRINGS = YES;
				SWIFT_VERSION = 5.0;
				TARGETED_DEVICE_FAMILY = "1,2";
			};
			name = Debug;
		};
		5052D56A2CE34481004EEAAB /* Release */ = {
			isa = XCBuildConfiguration;
			buildSettings = {
				ASSETCATALOG_COMPILER_APPICON_NAME = AppIcon;
				ASSETCATALOG_COMPILER_GLOBAL_ACCENT_COLOR_NAME = AccentColor;
				CODE_SIGN_STYLE = Automatic;
				CURRENT_PROJECT_VERSION = 1;
				DEVELOPMENT_ASSET_PATHS = "\"OwnPost/Preview Content\"";
				DEVELOPMENT_TEAM = WH3MW2N7CT;
				ENABLE_PREVIEWS = YES;
				GENERATE_INFOPLIST_FILE = YES;
				INFOPLIST_KEY_UIApplicationSceneManifest_Generation = YES;
				INFOPLIST_KEY_UIApplicationSupportsIndirectInputEvents = YES;
				INFOPLIST_KEY_UILaunchScreen_Generation = YES;
				INFOPLIST_KEY_UISupportedInterfaceOrientations_iPad = "UIInterfaceOrientationPortrait UIInterfaceOrientationPortraitUpsideDown UIInterfaceOrientationLandscapeLeft UIInterfaceOrientationLandscapeRight";
				INFOPLIST_KEY_UISupportedInterfaceOrientations_iPhone = "UIInterfaceOrientationPortrait UIInterfaceOrientationLandscapeLeft UIInterfaceOrientationLandscapeRight";
				LD_RUNPATH_SEARCH_PATHS = (
					"$(inherited)",
					"@executable_path/Frameworks",
				);
				MARKETING_VERSION = 1.0;
				PRODUCT_BUNDLE_IDENTIFIER = com.ownpost.OwnPost;
				PRODUCT_NAME = "$(TARGET_NAME)";
				SWIFT_EMIT_LOC_STRINGS = YES;
				SWIFT_VERSION = 5.0;
				TARGETED_DEVICE_FAMILY = "1,2";
			};
			name = Release;
		};
		5052D56C2CE34481004EEAAB /* Debug */ = {
			isa = XCBuildConfiguration;
			buildSettings = {
				ALWAYS_EMBED_SWIFT_STANDARD_LIBRARIES = YES;
				BUNDLE_LOADER = "$(TEST_HOST)";
				CODE_SIGN_STYLE = Automatic;
				CURRENT_PROJECT_VERSION = 1;
				DEVELOPMENT_TEAM = WH3MW2N7CT;
				GENERATE_INFOPLIST_FILE = YES;
				IPHONEOS_DEPLOYMENT_TARGET = 17.5;
				MARKETING_VERSION = 1.0;
				PRODUCT_BUNDLE_IDENTIFIER = com.ownpost.OwnPostTests;
				PRODUCT_NAME = "$(TARGET_NAME)";
				SWIFT_EMIT_LOC_STRINGS = NO;
				SWIFT_VERSION = 5.0;
				TARGETED_DEVICE_FAMILY = "1,2";
				TEST_HOST = "$(BUILT_PRODUCTS_DIR)/OwnPost.app/$(BUNDLE_EXECUTABLE_FOLDER_PATH)/OwnPost";
			};
			name = Debug;
		};
		5052D56D2CE34481004EEAAB /* Release */ = {
			isa = XCBuildConfiguration;
			buildSettings = {
				ALWAYS_EMBED_SWIFT_STANDARD_LIBRARIES = YES;
				BUNDLE_LOADER = "$(TEST_HOST)";
				CODE_SIGN_STYLE = Automatic;
				CURRENT_PROJECT_VERSION = 1;
				DEVELOPMENT_TEAM = WH3MW2N7CT;
				GENERATE_INFOPLIST_FILE = YES;
				IPHONEOS_DEPLOYMENT_TARGET = 17.5;
				MARKETING_VERSION = 1.0;
				PRODUCT_BUNDLE_IDENTIFIER = com.ownpost.OwnPostTests;
				PRODUCT_NAME = "$(TARGET_NAME)";
				SWIFT_EMIT_LOC_STRINGS = NO;
				SWIFT_VERSION = 5.0;
				TARGETED_DEVICE_FAMILY = "1,2";
				TEST_HOST = "$(BUILT_PRODUCTS_DIR)/OwnPost.app/$(BUNDLE_EXECUTABLE_FOLDER_PATH)/OwnPost";
			};
			name = Release;
		};
		5052D56F2CE34481004EEAAB /* Debug */ = {
			isa = XCBuildConfiguration;
			buildSettings = {
				ALWAYS_EMBED_SWIFT_STANDARD_LIBRARIES = YES;
				CODE_SIGN_STYLE = Automatic;
				CURRENT_PROJECT_VERSION = 1;
				DEVELOPMENT_TEAM = WH3MW2N7CT;
				GENERATE_INFOPLIST_FILE = YES;
				MARKETING_VERSION = 1.0;
				PRODUCT_BUNDLE_IDENTIFIER = com.ownpost.OwnPostUITests;
				PRODUCT_NAME = "$(TARGET_NAME)";
				SWIFT_EMIT_LOC_STRINGS = NO;
				SWIFT_VERSION = 5.0;
				TARGETED_DEVICE_FAMILY = "1,2";
				TEST_TARGET_NAME = OwnPost;
			};
			name = Debug;
		};
		5052D5702CE34481004EEAAB /* Release */ = {
			isa = XCBuildConfiguration;
			buildSettings = {
				ALWAYS_EMBED_SWIFT_STANDARD_LIBRARIES = YES;
				CODE_SIGN_STYLE = Automatic;
				CURRENT_PROJECT_VERSION = 1;
				DEVELOPMENT_TEAM = WH3MW2N7CT;
				GENERATE_INFOPLIST_FILE = YES;
				MARKETING_VERSION = 1.0;
				PRODUCT_BUNDLE_IDENTIFIER = com.ownpost.OwnPostUITests;
				PRODUCT_NAME = "$(TARGET_NAME)";
				SWIFT_EMIT_LOC_STRINGS = NO;
				SWIFT_VERSION = 5.0;
				TARGETED_DEVICE_FAMILY = "1,2";
				TEST_TARGET_NAME = OwnPost;
			};
			name = Release;
		};
/* End XCBuildConfiguration section */

/* Begin XCConfigurationList section */
		5052D53F2CE34480004EEAAB /* Build configuration list for PBXProject "OwnPost" */ = {
			isa = XCConfigurationList;
			buildConfigurations = (
				5052D5662CE34481004EEAAB /* Debug */,
				5052D5672CE34481004EEAAB /* Release */,
			);
			defaultConfigurationIsVisible = 0;
			defaultConfigurationName = Release;
		};
		5052D5682CE34481004EEAAB /* Build configuration list for PBXNativeTarget "OwnPost" */ = {
			isa = XCConfigurationList;
			buildConfigurations = (
				5052D5692CE34481004EEAAB /* Debug */,
				5052D56A2CE34481004EEAAB /* Release */,
			);
			defaultConfigurationIsVisible = 0;
			defaultConfigurationName = Release;
		};
		5052D56B2CE34481004EEAAB /* Build configuration list for PBXNativeTarget "OwnPostTests" */ = {
			isa = XCConfigurationList;
			buildConfigurations = (
				5052D56C2CE34481004EEAAB /* Debug */,
				5052D56D2CE34481004EEAAB /* Release */,
			);
			defaultConfigurationIsVisible = 0;
			defaultConfigurationName = Release;
		};
		5052D56E2CE34481004EEAAB /* Build configuration list for PBXNativeTarget "OwnPostUITests" */ = {
			isa = XCConfigurationList;
			buildConfigurations = (
				5052D56F2CE34481004EEAAB /* Debug */,
				5052D5702CE34481004EEAAB /* Release */,
			);
			defaultConfigurationIsVisible = 0;
			defaultConfigurationName = Release;
		};
/* End XCConfigurationList section */
	};
	rootObject = 5052D53C2CE34480004EEAAB /* Project object */;
}
