// !$*UTF8*$!
{
	archiveVersion = 1;
	classes = {
	};
	objectVersion = 56;
	objects = {

/* Begin PBXBuildFile section */
		5052D5482CE34480004EEAAB /* OwnPostApp.swift in Sources */ = {isa = PBXBuildFile; fileRef = 5052D5472CE34480004EEAAB /* OwnPostApp.swift */; };
		5052D54A2CE34480004EEAAB /* ContentView.swift in Sources */ = {isa = PBXBuildFile; fileRef = 5052D5492CE34480004EEAAB /* ContentView.swift */; };
		5052D54C2CE34481004EEAAB /* Assets.xcassets in Resources */ = {isa = PBXBuildFile; fileRef = 5052D54B2CE34481004EEAAB /* Assets.xcassets */; };
		5052D54F2CE34481004EEAAB /* Preview Assets.xcassets in Resources */ = {isa = PBXBuildFile; fileRef = 5052D54E2CE34481004EEAAB /* Preview Assets.xcassets */; };
		505874002D0504920078F947 /* GoogleService-Info.plist in Resources */ = {isa = PBXBuildFile; fileRef = 505873FF2D0504920078F947 /* GoogleService-Info.plist */; };
		505874032D05050A0078F947 /* FirebaseAuth in Frameworks */ = {isa = PBXBuildFile; productRef = 505874022D05050A0078F947 /* FirebaseAuth */; };
		505874052D05050A0078F947 /* FirebaseFirestore in Frameworks */ = {isa = PBXBuildFile; productRef = 505874042D05050A0078F947 /* FirebaseFirestore */; };
		505874072D05050A0078F947 /* FirebaseFirestoreCombine-Community in Frameworks */ = {isa = PBXBuildFile; productRef = 505874062D05050A0078F947 /* FirebaseFirestoreCombine-Community */; };
		505874092D05050A0078F947 /* FirebaseStorage in Frameworks */ = {isa = PBXBuildFile; productRef = 505874082D05050A0078F947 /* FirebaseStorage */; };
		509391E72CE7D2FC00C8530E /* .gitignore in Resources */ = {isa = PBXBuildFile; fileRef = 509391E62CE7D2FC00C8530E /* .gitignore */; };
		50A2E8892CEDD4C600B31475 /* FeedView.swift in Sources */ = {isa = PBXBuildFile; fileRef = 50A2E8882CEDD4C600B31475 /* FeedView.swift */; };
		50A2E88C2CEDD62900B31475 /* TweetRowView.swift in Sources */ = {isa = PBXBuildFile; fileRef = 50A2E88B2CEDD62900B31475 /* TweetRowView.swift */; };
		50A2E88F2CEF17E400B31475 /* MainTabView.swift in Sources */ = {isa = PBXBuildFile; fileRef = 50A2E88E2CEF17E400B31475 /* MainTabView.swift */; };
		50A2E8982CEF19C800B31475 /* ExploreView.swift in Sources */ = {isa = PBXBuildFile; fileRef = 50A2E8972CEF19C800B31475 /* ExploreView.swift */; };
		50A2E89A2CEF1A2700B31475 /* NotificationsView.swift in Sources */ = {isa = PBXBuildFile; fileRef = 50A2E8992CEF1A2700B31475 /* NotificationsView.swift */; };
		50A2E89C2CEF1A3E00B31475 /* MessagesView.swift in Sources */ = {isa = PBXBuildFile; fileRef = 50A2E89B2CEF1A3E00B31475 /* MessagesView.swift */; };
		50A2E8A02CEF1B1F00B31475 /* ProfileView.swift in Sources */ = {isa = PBXBuildFile; fileRef = 50A2E89F2CEF1B1F00B31475 /* ProfileView.swift */; };
		50A2E8A22CF0282700B31475 /* TweetFileViewModel.swift in Sources */ = {isa = PBXBuildFile; fileRef = 50A2E8A12CF0282700B31475 /* TweetFileViewModel.swift */; };
		50A2E8AD2CF0822600B31475 /* UserRowView.swift in Sources */ = {isa = PBXBuildFile; fileRef = 50A2E8AC2CF0822600B31475 /* UserRowView.swift */; };
		50A2E8B32CF09B3000B31475 /* SideMenuView.swift in Sources */ = {isa = PBXBuildFile; fileRef = 50A2E8B22CF09B3000B31475 /* SideMenuView.swift */; };
		50A2E8B82CF09B6D00B31475 /* SideMenuViewModel.swift in Sources */ = {isa = PBXBuildFile; fileRef = 50A2E8B72CF09B6D00B31475 /* SideMenuViewModel.swift */; };
		50A2E8BA2CF09E4D00B31475 /* UserStatsView.swift in Sources */ = {isa = PBXBuildFile; fileRef = 50A2E8B92CF09E4D00B31475 /* UserStatsView.swift */; };
		50A2E8BC2CF1B0BA00B31475 /* SideMenuOptionRowView.swift in Sources */ = {isa = PBXBuildFile; fileRef = 50A2E8BB2CF1B0BA00B31475 /* SideMenuOptionRowView.swift */; };
		50A2E8C42CF2DBA000B31475 /* TextArea.swift in Sources */ = {isa = PBXBuildFile; fileRef = 50A2E8C32CF2DBA000B31475 /* TextArea.swift */; };
		50A2E8C82CF4D17C00B31475 /* NewTweetFile.swift in Sources */ = {isa = PBXBuildFile; fileRef = 50A2E8C72CF4D17C00B31475 /* NewTweetFile.swift */; };
		50A2E8CE2CF5418500B31475 /* LoginView.swift in Sources */ = {isa = PBXBuildFile; fileRef = 50A2E8CD2CF5418500B31475 /* LoginView.swift */; };
		50A2E8D02CF5418E00B31475 /* Registration View.swift in Sources */ = {isa = PBXBuildFile; fileRef = 50A2E8CF2CF5418E00B31475 /* Registration View.swift */; };
		50A2E8D22CF5429C00B31475 /* RoundedShape.swift in Sources */ = {isa = PBXBuildFile; fileRef = 50A2E8D12CF5429C00B31475 /* RoundedShape.swift */; };
		50A2E8D62CF5463100B31475 /* CustomInputView.swift in Sources */ = {isa = PBXBuildFile; fileRef = 50A2E8D52CF5463100B31475 /* CustomInputView.swift */; };
		50A2E8DB2CF5497500B31475 /* AuthHeaderView.swift in Sources */ = {isa = PBXBuildFile; fileRef = 50A2E8DA2CF5497500B31475 /* AuthHeaderView.swift */; };
		50A791902D0A2C86007A6A0C /* UserService.swift in Sources */ = {isa = PBXBuildFile; fileRef = 50A7918F2D0A2C86007A6A0C /* UserService.swift */; };
		50A791922D0A2F38007A6A0C /* User.swift in Sources */ = {isa = PBXBuildFile; fileRef = 50A791912D0A2F38007A6A0C /* User.swift */; };
		50A791962D0AA80A007A6A0C /* DataSellBackView.swift in Sources */ = {isa = PBXBuildFile; fileRef = 50A791952D0AA80A007A6A0C /* DataSellBackView.swift */; };
		50A7919B2D0AA8D1007A6A0C /* UserInteractions.swift in Sources */ = {isa = PBXBuildFile; fileRef = 50A7919A2D0AA8D1007A6A0C /* UserInteractions.swift */; };
		50DFED932D067E0C004C82B7 /* AuthViewModel.swift in Sources */ = {isa = PBXBuildFile; fileRef = 50DFED922D067E0C004C82B7 /* AuthViewModel.swift */; };
/* End PBXBuildFile section */

/* Begin PBXFileReference section */
		5052D5442CE34480004EEAAB /* OwnPost.app */ = {isa = PBXFileReference; explicitFileType = wrapper.application; includeInIndex = 0; path = OwnPost.app; sourceTree = BUILT_PRODUCTS_DIR; };
		5052D5472CE34480004EEAAB /* OwnPostApp.swift */ = {isa = PBXFileReference; lastKnownFileType = sourcecode.swift; path = OwnPostApp.swift; sourceTree = "<group>"; };
		5052D5492CE34480004EEAAB /* ContentView.swift */ = {isa = PBXFileReference; lastKnownFileType = sourcecode.swift; path = ContentView.swift; sourceTree = "<group>"; };
		5052D54B2CE34481004EEAAB /* Assets.xcassets */ = {isa = PBXFileReference; lastKnownFileType = folder.assetcatalog; path = Assets.xcassets; sourceTree = "<group>"; };
		5052D54E2CE34481004EEAAB /* Preview Assets.xcassets */ = {isa = PBXFileReference; lastKnownFileType = folder.assetcatalog; path = "Preview Assets.xcassets"; sourceTree = "<group>"; };
		505873FF2D0504920078F947 /* GoogleService-Info.plist */ = {isa = PBXFileReference; lastKnownFileType = text.plist.xml; path = "GoogleService-Info.plist"; sourceTree = "<group>"; };
		506687BC2D006AE800FB5E82 /* SwiftUI.framework */ = {isa = PBXFileReference; lastKnownFileType = wrapper.framework; name = SwiftUI.framework; path = System/Library/Frameworks/SwiftUI.framework; sourceTree = SDKROOT; };
		506687BD2D006AF100FB5E82 /* Python3.framework */ = {isa = PBXFileReference; lastKnownFileType = wrapper.framework; name = Python3.framework; path = Library/Frameworks/Python3.framework; sourceTree = DEVELOPER_DIR; };
		509391E62CE7D2FC00C8530E /* .gitignore */ = {isa = PBXFileReference; lastKnownFileType = text; path = .gitignore; sourceTree = "<group>"; };
		50A2E8882CEDD4C600B31475 /* FeedView.swift */ = {isa = PBXFileReference; lastKnownFileType = sourcecode.swift; path = FeedView.swift; sourceTree = "<group>"; };
		50A2E88B2CEDD62900B31475 /* TweetRowView.swift */ = {isa = PBXFileReference; lastKnownFileType = sourcecode.swift; path = TweetRowView.swift; sourceTree = "<group>"; };
		50A2E88E2CEF17E400B31475 /* MainTabView.swift */ = {isa = PBXFileReference; lastKnownFileType = sourcecode.swift; path = MainTabView.swift; sourceTree = "<group>"; };
		50A2E8972CEF19C800B31475 /* ExploreView.swift */ = {isa = PBXFileReference; lastKnownFileType = sourcecode.swift; name = ExploreView.swift; path = ../ExploreView.swift; sourceTree = "<group>"; };
		50A2E8992CEF1A2700B31475 /* NotificationsView.swift */ = {isa = PBXFileReference; lastKnownFileType = sourcecode.swift; path = NotificationsView.swift; sourceTree = "<group>"; };
		50A2E89B2CEF1A3E00B31475 /* MessagesView.swift */ = {isa = PBXFileReference; lastKnownFileType = sourcecode.swift; path = MessagesView.swift; sourceTree = "<group>"; };
		50A2E89F2CEF1B1F00B31475 /* ProfileView.swift */ = {isa = PBXFileReference; lastKnownFileType = sourcecode.swift; path = ProfileView.swift; sourceTree = "<group>"; };
		50A2E8A12CF0282700B31475 /* TweetFileViewModel.swift */ = {isa = PBXFileReference; lastKnownFileType = sourcecode.swift; path = TweetFileViewModel.swift; sourceTree = "<group>"; };
		50A2E8AC2CF0822600B31475 /* UserRowView.swift */ = {isa = PBXFileReference; lastKnownFileType = sourcecode.swift; path = UserRowView.swift; sourceTree = "<group>"; };
		50A2E8B22CF09B3000B31475 /* SideMenuView.swift */ = {isa = PBXFileReference; lastKnownFileType = sourcecode.swift; path = SideMenuView.swift; sourceTree = "<group>"; };
		50A2E8B72CF09B6D00B31475 /* SideMenuViewModel.swift */ = {isa = PBXFileReference; lastKnownFileType = sourcecode.swift; path = SideMenuViewModel.swift; sourceTree = "<group>"; };
		50A2E8B92CF09E4D00B31475 /* UserStatsView.swift */ = {isa = PBXFileReference; lastKnownFileType = sourcecode.swift; path = UserStatsView.swift; sourceTree = "<group>"; };
		50A2E8BB2CF1B0BA00B31475 /* SideMenuOptionRowView.swift */ = {isa = PBXFileReference; lastKnownFileType = sourcecode.swift; path = SideMenuOptionRowView.swift; sourceTree = "<group>"; };
		50A2E8C32CF2DBA000B31475 /* TextArea.swift */ = {isa = PBXFileReference; lastKnownFileType = sourcecode.swift; path = TextArea.swift; sourceTree = "<group>"; };
		50A2E8C72CF4D17C00B31475 /* NewTweetFile.swift */ = {isa = PBXFileReference; lastKnownFileType = sourcecode.swift; path = NewTweetFile.swift; sourceTree = "<group>"; };
		50A2E8CD2CF5418500B31475 /* LoginView.swift */ = {isa = PBXFileReference; lastKnownFileType = sourcecode.swift; path = LoginView.swift; sourceTree = "<group>"; };
		50A2E8CF2CF5418E00B31475 /* Registration View.swift */ = {isa = PBXFileReference; lastKnownFileType = sourcecode.swift; path = "Registration View.swift"; sourceTree = "<group>"; };
		50A2E8D12CF5429C00B31475 /* RoundedShape.swift */ = {isa = PBXFileReference; lastKnownFileType = sourcecode.swift; path = RoundedShape.swift; sourceTree = "<group>"; };
		50A2E8D52CF5463100B31475 /* CustomInputView.swift */ = {isa = PBXFileReference; lastKnownFileType = sourcecode.swift; path = CustomInputView.swift; sourceTree = "<group>"; };
		50A2E8DA2CF5497500B31475 /* AuthHeaderView.swift */ = {isa = PBXFileReference; lastKnownFileType = sourcecode.swift; path = AuthHeaderView.swift; sourceTree = "<group>"; };
		50A7918F2D0A2C86007A6A0C /* UserService.swift */ = {isa = PBXFileReference; lastKnownFileType = sourcecode.swift; path = UserService.swift; sourceTree = "<group>"; };
		50A791912D0A2F38007A6A0C /* User.swift */ = {isa = PBXFileReference; lastKnownFileType = sourcecode.swift; path = User.swift; sourceTree = "<group>"; };
		50A791952D0AA80A007A6A0C /* DataSellBackView.swift */ = {isa = PBXFileReference; lastKnownFileType = sourcecode.swift; path = DataSellBackView.swift; sourceTree = "<group>"; };
		50A7919A2D0AA8D1007A6A0C /* UserInteractions.swift */ = {isa = PBXFileReference; lastKnownFileType = sourcecode.swift; path = UserInteractions.swift; sourceTree = "<group>"; };
		50DFED922D067E0C004C82B7 /* AuthViewModel.swift */ = {isa = PBXFileReference; lastKnownFileType = sourcecode.swift; path = AuthViewModel.swift; sourceTree = "<group>"; };
/* End PBXFileReference section */

/* Begin PBXFrameworksBuildPhase section */
		506687C02D006AF100FB5E82 /* Frameworks */ = {
			isa = PBXFrameworksBuildPhase;
			buildActionMask = 2147483647;
			files = (
				505874072D05050A0078F947 /* FirebaseFirestoreCombine-Community in Frameworks */,
				505874092D05050A0078F947 /* FirebaseStorage in Frameworks */,
				505874032D05050A0078F947 /* FirebaseAuth in Frameworks */,
				505874052D05050A0078F947 /* FirebaseFirestore in Frameworks */,
			);
			runOnlyForDeploymentPostprocessing = 0;
		};
/* End PBXFrameworksBuildPhase section */

/* Begin PBXGroup section */
		5052D53B2CE34480004EEAAB = {
			isa = PBXGroup;
			children = (
				5052D5462CE34480004EEAAB /* OwnPost */,
				5052D5452CE34480004EEAAB /* Products */,
				506687AB2D00647400FB5E82 /* Frameworks */,
			);
			sourceTree = "<group>";
		};
		5052D5452CE34480004EEAAB /* Products */ = {
			isa = PBXGroup;
			children = (
				5052D5442CE34480004EEAAB /* OwnPost.app */,
			);
			name = Products;
			sourceTree = "<group>";
		};
		5052D5462CE34480004EEAAB /* OwnPost */ = {
			isa = PBXGroup;
			children = (
				50A2E8812CEDD42F00B31475 /* Core */,
				5052D5472CE34480004EEAAB /* OwnPostApp.swift */,
				5052D5492CE34480004EEAAB /* ContentView.swift */,
				5052D54B2CE34481004EEAAB /* Assets.xcassets */,
				505873FF2D0504920078F947 /* GoogleService-Info.plist */,
				5052D54D2CE34481004EEAAB /* Preview Content */,
				509391E62CE7D2FC00C8530E /* .gitignore */,
			);
			path = OwnPost;
			sourceTree = "<group>";
		};
		5052D54D2CE34481004EEAAB /* Preview Content */ = {
			isa = PBXGroup;
			children = (
				5052D54E2CE34481004EEAAB /* Preview Assets.xcassets */,
			);
			path = "Preview Content";
			sourceTree = "<group>";
		};
		506687AB2D00647400FB5E82 /* Frameworks */ = {
			isa = PBXGroup;
			children = (
				506687BD2D006AF100FB5E82 /* Python3.framework */,
				506687BC2D006AE800FB5E82 /* SwiftUI.framework */,
			);
			name = Frameworks;
			sourceTree = "<group>";
		};
		507DBE9B2CF9ED86009162F1 /* ViewModels */ = {
			isa = PBXGroup;
			children = (
				50DFED922D067E0C004C82B7 /* AuthViewModel.swift */,
			);
			path = ViewModels;
			sourceTree = "<group>";
		};
		507DBE9C2CF9ED8E009162F1 /* ViewModels */ = {
			isa = PBXGroup;
			children = (
			);
			path = ViewModels;
			sourceTree = "<group>";
		};
		507DBE9E2CF9EF26009162F1 /* Extensions */ = {
			isa = PBXGroup;
			children = (
			);
			path = Extensions;
			sourceTree = "<group>";
		};
		507DBE9F2CF9EF2B009162F1 /* Model */ = {
			isa = PBXGroup;
			children = (
				50A791912D0A2F38007A6A0C /* User.swift */,
			);
			path = Model;
			sourceTree = "<group>";
		};
		507DBEA02CF9EF2E009162F1 /* Service */ = {
			isa = PBXGroup;
			children = (
				50A7918F2D0A2C86007A6A0C /* UserService.swift */,
			);
			path = Service;
			sourceTree = "<group>";
		};
		507DBEA12CF9EF65009162F1 /* ViewModels */ = {
			isa = PBXGroup;
			children = (
			);
			path = ViewModels;
			sourceTree = "<group>";
		};
		507DBEA22CF9EF78009162F1 /* ViewModels */ = {
			isa = PBXGroup;
			children = (
			);
			path = ViewModels;
			sourceTree = "<group>";
		};
		50A2E8812CEDD42F00B31475 /* Core */ = {
			isa = PBXGroup;
			children = (
				50A791972D0AA8A6007A6A0C /* Data */,
				507DBE9E2CF9EF26009162F1 /* Extensions */,
				507DBE9F2CF9EF2B009162F1 /* Model */,
				507DBEA02CF9EF2E009162F1 /* Service */,
				50A2E8CA2CF4D90600B31475 /* Authentication */,
				50A2E8C22CF2DB8D00B31475 /* Tweets */,
				50A2E8BD2CF1D24600B31475 /* UploadTweet */,
				50A2E8822CEDD43700B31475 /* Components */,
				50A2E8AF2CF09AF800B31475 /* SideMenu */,
				50A2E8922CEF197200B31475 /* Profile */,
				50A2E8932CEF197900B31475 /* Explore */,
				50A2E8942CEF197E00B31475 /* Notifications */,
				50A2E8952CEF198600B31475 /* Messages */,
				50A2E88D2CEF17B900B31475 /* Main Tab */,
				50A2E8842CEDD45600B31475 /* Feed */,
			);
			path = Core;
			sourceTree = "<group>";
		};
		50A2E8822CEDD43700B31475 /* Components */ = {
			isa = PBXGroup;
			children = (
				50A2E8D72CF5494C00B31475 /* Authentication */,
				50A2E8AB2CF0820F00B31475 /* Users */,
				50A2E88A2CEDD5F800B31475 /* Tweets */,
			);
			path = Components;
			sourceTree = "<group>";
		};
		50A2E8842CEDD45600B31475 /* Feed */ = {
			isa = PBXGroup;
			children = (
				507DBEA22CF9EF78009162F1 /* ViewModels */,
				50A2E8872CEDD4AA00B31475 /* View */,
			);
			path = Feed;
			sourceTree = "<group>";
		};
		50A2E8872CEDD4AA00B31475 /* View */ = {
			isa = PBXGroup;
			children = (
				50A2E8882CEDD4C600B31475 /* FeedView.swift */,
			);
			path = View;
			sourceTree = "<group>";
		};
		50A2E88A2CEDD5F800B31475 /* Tweets */ = {
			isa = PBXGroup;
			children = (
				50A2E88B2CEDD62900B31475 /* TweetRowView.swift */,
				50A2E8D52CF5463100B31475 /* CustomInputView.swift */,
			);
			path = Tweets;
			sourceTree = "<group>";
		};
		50A2E88D2CEF17B900B31475 /* Main Tab */ = {
			isa = PBXGroup;
			children = (
				50A2E88E2CEF17E400B31475 /* MainTabView.swift */,
			);
			path = "Main Tab";
			sourceTree = "<group>";
		};
		50A2E8922CEF197200B31475 /* Profile */ = {
			isa = PBXGroup;
			children = (
				50A2E89E2CEF1AFD00B31475 /* Views */,
				50A2E89D2CEF1AF700B31475 /* ViewModels */,
			);
			path = Profile;
			sourceTree = "<group>";
		};
		50A2E8932CEF197900B31475 /* Explore */ = {
			isa = PBXGroup;
			children = (
				507DBEA12CF9EF65009162F1 /* ViewModels */,
				50A2E8A52CF0819F00B31475 /* Views */,
			);
			path = Explore;
			sourceTree = "<group>";
		};
		50A2E8942CEF197E00B31475 /* Notifications */ = {
			isa = PBXGroup;
			children = (
				50A2E8992CEF1A2700B31475 /* NotificationsView.swift */,
			);
			path = Notifications;
			sourceTree = "<group>";
		};
		50A2E8952CEF198600B31475 /* Messages */ = {
			isa = PBXGroup;
			children = (
				50A2E89B2CEF1A3E00B31475 /* MessagesView.swift */,
			);
			path = Messages;
			sourceTree = "<group>";
		};
		50A2E89D2CEF1AF700B31475 /* ViewModels */ = {
			isa = PBXGroup;
			children = (
				50A2E8A12CF0282700B31475 /* TweetFileViewModel.swift */,
			);
			path = ViewModels;
			sourceTree = "<group>";
		};
		50A2E89E2CEF1AFD00B31475 /* Views */ = {
			isa = PBXGroup;
			children = (
				50A2E89F2CEF1B1F00B31475 /* ProfileView.swift */,
			);
			path = Views;
			sourceTree = "<group>";
		};
		50A2E8A52CF0819F00B31475 /* Views */ = {
			isa = PBXGroup;
			children = (
				50A2E8972CEF19C800B31475 /* ExploreView.swift */,
			);
			path = Views;
			sourceTree = "<group>";
		};
		50A2E8AB2CF0820F00B31475 /* Users */ = {
			isa = PBXGroup;
			children = (
				50A2E8AC2CF0822600B31475 /* UserRowView.swift */,
				50A2E8B92CF09E4D00B31475 /* UserStatsView.swift */,
			);
			path = Users;
			sourceTree = "<group>";
		};
		50A2E8AF2CF09AF800B31475 /* SideMenu */ = {
			isa = PBXGroup;
			children = (
				50A2E8B12CF09B0700B31475 /* View */,
				50A2E8B02CF09B0100B31475 /* ViewModel */,
			);
			path = SideMenu;
			sourceTree = "<group>";
		};
		50A2E8B02CF09B0100B31475 /* ViewModel */ = {
			isa = PBXGroup;
			children = (
				50A2E8B72CF09B6D00B31475 /* SideMenuViewModel.swift */,
			);
			path = ViewModel;
			sourceTree = "<group>";
		};
		50A2E8B12CF09B0700B31475 /* View */ = {
			isa = PBXGroup;
			children = (
				50A2E8B22CF09B3000B31475 /* SideMenuView.swift */,
				50A2E8BB2CF1B0BA00B31475 /* SideMenuOptionRowView.swift */,
			);
			path = View;
			sourceTree = "<group>";
		};
		50A2E8BD2CF1D24600B31475 /* UploadTweet */ = {
			isa = PBXGroup;
			children = (
				507DBE9C2CF9ED8E009162F1 /* ViewModels */,
				50A2E8BE2CF1D25D00B31475 /* Views */,
			);
			path = UploadTweet;
			sourceTree = "<group>";
		};
		50A2E8BE2CF1D25D00B31475 /* Views */ = {
			isa = PBXGroup;
			children = (
				50A2E8C72CF4D17C00B31475 /* NewTweetFile.swift */,
			);
			path = Views;
			sourceTree = "<group>";
		};
		50A2E8C22CF2DB8D00B31475 /* Tweets */ = {
			isa = PBXGroup;
			children = (
				50A2E8C32CF2DBA000B31475 /* TextArea.swift */,
				50A2E8D12CF5429C00B31475 /* RoundedShape.swift */,
			);
			path = Tweets;
			sourceTree = "<group>";
		};
		50A2E8CA2CF4D90600B31475 /* Authentication */ = {
			isa = PBXGroup;
			children = (
				507DBE9B2CF9ED86009162F1 /* ViewModels */,
				50A2E8CC2CF5416B00B31475 /* Views */,
			);
			path = Authentication;
			sourceTree = "<group>";
		};
		50A2E8CC2CF5416B00B31475 /* Views */ = {
			isa = PBXGroup;
			children = (
				50A2E8CD2CF5418500B31475 /* LoginView.swift */,
				50A2E8CF2CF5418E00B31475 /* Registration View.swift */,
			);
			path = Views;
			sourceTree = "<group>";
		};
		50A2E8D72CF5494C00B31475 /* Authentication */ = {
			isa = PBXGroup;
			children = (
				50A2E8DA2CF5497500B31475 /* AuthHeaderView.swift */,
			);
			path = Authentication;
			sourceTree = "<group>";
		};
		50A791972D0AA8A6007A6A0C /* Data */ = {
			isa = PBXGroup;
			children = (
				50A791992D0AA8B9007A6A0C /* ViewModel */,
				50A791982D0AA8B3007A6A0C /* Views */,
				50A791952D0AA80A007A6A0C /* DataSellBackView.swift */,
			);
			path = Data;
			sourceTree = "<group>";
		};
		50A791982D0AA8B3007A6A0C /* Views */ = {
			isa = PBXGroup;
			children = (
			);
			path = Views;
			sourceTree = "<group>";
		};
		50A791992D0AA8B9007A6A0C /* ViewModel */ = {
			isa = PBXGroup;
			children = (
				50A7919A2D0AA8D1007A6A0C /* UserInteractions.swift */,
			);
			path = ViewModel;
			sourceTree = "<group>";
		};
/* End PBXGroup section */

/* Begin PBXNativeTarget section */
		5052D5432CE34480004EEAAB /* OwnPost */ = {
			isa = PBXNativeTarget;
			buildConfigurationList = 5052D5682CE34481004EEAAB /* Build configuration list for PBXNativeTarget "OwnPost" */;
			buildPhases = (
				5052D5402CE34480004EEAAB /* Sources */,
				5052D5422CE34480004EEAAB /* Resources */,
				506687C02D006AF100FB5E82 /* Frameworks */,
			);
			buildRules = (
			);
			dependencies = (
			);
			name = OwnPost;
			packageProductDependencies = (
				505874022D05050A0078F947 /* FirebaseAuth */,
				505874042D05050A0078F947 /* FirebaseFirestore */,
				505874062D05050A0078F947 /* FirebaseFirestoreCombine-Community */,
				505874082D05050A0078F947 /* FirebaseStorage */,
			);
			productName = OwnPost;
			productReference = 5052D5442CE34480004EEAAB /* OwnPost.app */;
			productType = "com.apple.product-type.application";
		};
/* End PBXNativeTarget section */

/* Begin PBXProject section */
		5052D53C2CE34480004EEAAB /* Project object */ = {
			isa = PBXProject;
			attributes = {
				BuildIndependentTargetsInParallel = 1;
				LastSwiftUpdateCheck = 1540;
				LastUpgradeCheck = 1540;
				TargetAttributes = {
					5052D5432CE34480004EEAAB = {
						CreatedOnToolsVersion = 15.4;
					};
				};
			};
			buildConfigurationList = 5052D53F2CE34480004EEAAB /* Build configuration list for PBXProject "OwnPost" */;
			compatibilityVersion = "Xcode 14.0";
			developmentRegion = en;
			hasScannedForEncodings = 0;
			knownRegions = (
				en,
				Base,
			);
			mainGroup = 5052D53B2CE34480004EEAAB;
			packageReferences = (
				505874012D05050A0078F947 /* XCRemoteSwiftPackageReference "firebase-ios-sdk" */,
			);
			productRefGroup = 5052D5452CE34480004EEAAB /* Products */;
			projectDirPath = "";
			projectRoot = "";
			targets = (
				5052D5432CE34480004EEAAB /* OwnPost */,
			);
		};
/* End PBXProject section */

/* Begin PBXResourcesBuildPhase section */
		5052D5422CE34480004EEAAB /* Resources */ = {
			isa = PBXResourcesBuildPhase;
			buildActionMask = 2147483647;
			files = (
				5052D54F2CE34481004EEAAB /* Preview Assets.xcassets in Resources */,
				505874002D0504920078F947 /* GoogleService-Info.plist in Resources */,
				509391E72CE7D2FC00C8530E /* .gitignore in Resources */,
				5052D54C2CE34481004EEAAB /* Assets.xcassets in Resources */,
			);
			runOnlyForDeploymentPostprocessing = 0;
		};
/* End PBXResourcesBuildPhase section */

/* Begin PBXSourcesBuildPhase section */
		5052D5402CE34480004EEAAB /* Sources */ = {
			isa = PBXSourcesBuildPhase;
			buildActionMask = 2147483647;
			files = (
				50A2E89C2CEF1A3E00B31475 /* MessagesView.swift in Sources */,
				50A2E8A02CEF1B1F00B31475 /* ProfileView.swift in Sources */,
				50A2E8A22CF0282700B31475 /* TweetFileViewModel.swift in Sources */,
				50A791922D0A2F38007A6A0C /* User.swift in Sources */,
				50A2E8DB2CF5497500B31475 /* AuthHeaderView.swift in Sources */,
				5052D54A2CE34480004EEAAB /* ContentView.swift in Sources */,
				50A2E88C2CEDD62900B31475 /* TweetRowView.swift in Sources */,
				50A2E8892CEDD4C600B31475 /* FeedView.swift in Sources */,
				50A2E8B32CF09B3000B31475 /* SideMenuView.swift in Sources */,
				5052D5482CE34480004EEAAB /* OwnPostApp.swift in Sources */,
				50A2E8982CEF19C800B31475 /* ExploreView.swift in Sources */,
				50A2E8C42CF2DBA000B31475 /* TextArea.swift in Sources */,
				50A2E8B82CF09B6D00B31475 /* SideMenuViewModel.swift in Sources */,
				50A7919B2D0AA8D1007A6A0C /* UserInteractions.swift in Sources */,
				50A2E8BC2CF1B0BA00B31475 /* SideMenuOptionRowView.swift in Sources */,
				50A2E8CE2CF5418500B31475 /* LoginView.swift in Sources */,
				50A2E8C82CF4D17C00B31475 /* NewTweetFile.swift in Sources */,
				50A2E8AD2CF0822600B31475 /* UserRowView.swift in Sources */,
				50A2E8D22CF5429C00B31475 /* RoundedShape.swift in Sources */,
				50DFED932D067E0C004C82B7 /* AuthViewModel.swift in Sources */,
				50A2E88F2CEF17E400B31475 /* MainTabView.swift in Sources */,
				50A2E89A2CEF1A2700B31475 /* NotificationsView.swift in Sources */,
				50A791962D0AA80A007A6A0C /* DataSellBackView.swift in Sources */,
				50A791902D0A2C86007A6A0C /* UserService.swift in Sources */,
				50A2E8D02CF5418E00B31475 /* Registration View.swift in Sources */,
				50A2E8BA2CF09E4D00B31475 /* UserStatsView.swift in Sources */,
				50A2E8D62CF5463100B31475 /* CustomInputView.swift in Sources */,
			);
			runOnlyForDeploymentPostprocessing = 0;
		};
/* End PBXSourcesBuildPhase section */

/* Begin XCBuildConfiguration section */
		5052D5662CE34481004EEAAB /* Debug */ = {
			isa = XCBuildConfiguration;
			buildSettings = {
				ALWAYS_SEARCH_USER_PATHS = NO;
				ASSETCATALOG_COMPILER_GENERATE_SWIFT_ASSET_SYMBOL_EXTENSIONS = YES;
				CLANG_ANALYZER_NONNULL = YES;
				CLANG_ANALYZER_NUMBER_OBJECT_CONVERSION = YES_AGGRESSIVE;
				CLANG_CXX_LANGUAGE_STANDARD = "gnu++20";
				CLANG_ENABLE_MODULES = YES;
				CLANG_ENABLE_OBJC_ARC = YES;
				CLANG_ENABLE_OBJC_WEAK = YES;
				CLANG_WARN_BLOCK_CAPTURE_AUTORELEASING = YES;
				CLANG_WARN_BOOL_CONVERSION = YES;
				CLANG_WARN_COMMA = YES;
				CLANG_WARN_CONSTANT_CONVERSION = YES;
				CLANG_WARN_DEPRECATED_OBJC_IMPLEMENTATIONS = YES;
				CLANG_WARN_DIRECT_OBJC_ISA_USAGE = YES_ERROR;
				CLANG_WARN_DOCUMENTATION_COMMENTS = YES;
				CLANG_WARN_EMPTY_BODY = YES;
				CLANG_WARN_ENUM_CONVERSION = YES;
				CLANG_WARN_INFINITE_RECURSION = YES;
				CLANG_WARN_INT_CONVERSION = YES;
				CLANG_WARN_NON_LITERAL_NULL_CONVERSION = YES;
				CLANG_WARN_OBJC_IMPLICIT_RETAIN_SELF = YES;
				CLANG_WARN_OBJC_LITERAL_CONVERSION = YES;
				CLANG_WARN_OBJC_ROOT_CLASS = YES_ERROR;
				CLANG_WARN_QUOTED_INCLUDE_IN_FRAMEWORK_HEADER = YES;
				CLANG_WARN_RANGE_LOOP_ANALYSIS = YES;
				CLANG_WARN_STRICT_PROTOTYPES = YES;
				CLANG_WARN_SUSPICIOUS_MOVE = YES;
				CLANG_WARN_UNGUARDED_AVAILABILITY = YES_AGGRESSIVE;
				CLANG_WARN_UNREACHABLE_CODE = YES;
				CLANG_WARN__DUPLICATE_METHOD_MATCH = YES;
				COPY_PHASE_STRIP = NO;
				DEBUG_INFORMATION_FORMAT = dwarf;
				ENABLE_STRICT_OBJC_MSGSEND = YES;
				ENABLE_TESTABILITY = YES;
				ENABLE_USER_SCRIPT_SANDBOXING = YES;
				GCC_C_LANGUAGE_STANDARD = gnu17;
				GCC_DYNAMIC_NO_PIC = NO;
				GCC_NO_COMMON_BLOCKS = YES;
				GCC_OPTIMIZATION_LEVEL = 0;
				GCC_PREPROCESSOR_DEFINITIONS = (
					"DEBUG=1",
					"$(inherited)",
				);
				GCC_WARN_64_TO_32_BIT_CONVERSION = YES;
				GCC_WARN_ABOUT_RETURN_TYPE = YES_ERROR;
				GCC_WARN_UNDECLARED_SELECTOR = YES;
				GCC_WARN_UNINITIALIZED_AUTOS = YES_AGGRESSIVE;
				GCC_WARN_UNUSED_FUNCTION = YES;
				GCC_WARN_UNUSED_VARIABLE = YES;
				IPHONEOS_DEPLOYMENT_TARGET = 17.5;
				LOCALIZATION_PREFERS_STRING_CATALOGS = YES;
				MTL_ENABLE_DEBUG_INFO = INCLUDE_SOURCE;
				MTL_FAST_MATH = YES;
				ONLY_ACTIVE_ARCH = YES;
				SDKROOT = iphoneos;
				SWIFT_ACTIVE_COMPILATION_CONDITIONS = "DEBUG $(inherited)";
				SWIFT_OPTIMIZATION_LEVEL = "-Onone";
			};
			name = Debug;
		};
		5052D5672CE34481004EEAAB /* Release */ = {
			isa = XCBuildConfiguration;
			buildSettings = {
				ALWAYS_SEARCH_USER_PATHS = NO;
				ASSETCATALOG_COMPILER_GENERATE_SWIFT_ASSET_SYMBOL_EXTENSIONS = YES;
				CLANG_ANALYZER_NONNULL = YES;
				CLANG_ANALYZER_NUMBER_OBJECT_CONVERSION = YES_AGGRESSIVE;
				CLANG_CXX_LANGUAGE_STANDARD = "gnu++20";
				CLANG_ENABLE_MODULES = YES;
				CLANG_ENABLE_OBJC_ARC = YES;
				CLANG_ENABLE_OBJC_WEAK = YES;
				CLANG_WARN_BLOCK_CAPTURE_AUTORELEASING = YES;
				CLANG_WARN_BOOL_CONVERSION = YES;
				CLANG_WARN_COMMA = YES;
				CLANG_WARN_CONSTANT_CONVERSION = YES;
				CLANG_WARN_DEPRECATED_OBJC_IMPLEMENTATIONS = YES;
				CLANG_WARN_DIRECT_OBJC_ISA_USAGE = YES_ERROR;
				CLANG_WARN_DOCUMENTATION_COMMENTS = YES;
				CLANG_WARN_EMPTY_BODY = YES;
				CLANG_WARN_ENUM_CONVERSION = YES;
				CLANG_WARN_INFINITE_RECURSION = YES;
				CLANG_WARN_INT_CONVERSION = YES;
				CLANG_WARN_NON_LITERAL_NULL_CONVERSION = YES;
				CLANG_WARN_OBJC_IMPLICIT_RETAIN_SELF = YES;
				CLANG_WARN_OBJC_LITERAL_CONVERSION = YES;
				CLANG_WARN_OBJC_ROOT_CLASS = YES_ERROR;
				CLANG_WARN_QUOTED_INCLUDE_IN_FRAMEWORK_HEADER = YES;
				CLANG_WARN_RANGE_LOOP_ANALYSIS = YES;
				CLANG_WARN_STRICT_PROTOTYPES = YES;
				CLANG_WARN_SUSPICIOUS_MOVE = YES;
				CLANG_WARN_UNGUARDED_AVAILABILITY = YES_AGGRESSIVE;
				CLANG_WARN_UNREACHABLE_CODE = YES;
				CLANG_WARN__DUPLICATE_METHOD_MATCH = YES;
				COPY_PHASE_STRIP = NO;
				DEBUG_INFORMATION_FORMAT = "dwarf-with-dsym";
				ENABLE_NS_ASSERTIONS = NO;
				ENABLE_STRICT_OBJC_MSGSEND = YES;
				ENABLE_USER_SCRIPT_SANDBOXING = YES;
				GCC_C_LANGUAGE_STANDARD = gnu17;
				GCC_NO_COMMON_BLOCKS = YES;
				GCC_WARN_64_TO_32_BIT_CONVERSION = YES;
				GCC_WARN_ABOUT_RETURN_TYPE = YES_ERROR;
				GCC_WARN_UNDECLARED_SELECTOR = YES;
				GCC_WARN_UNINITIALIZED_AUTOS = YES_AGGRESSIVE;
				GCC_WARN_UNUSED_FUNCTION = YES;
				GCC_WARN_UNUSED_VARIABLE = YES;
				IPHONEOS_DEPLOYMENT_TARGET = 17.5;
				LOCALIZATION_PREFERS_STRING_CATALOGS = YES;
				MTL_ENABLE_DEBUG_INFO = NO;
				MTL_FAST_MATH = YES;
				SDKROOT = iphoneos;
				SWIFT_COMPILATION_MODE = wholemodule;
				VALIDATE_PRODUCT = YES;
			};
			name = Release;
		};
		5052D5692CE34481004EEAAB /* Debug */ = {
			isa = XCBuildConfiguration;
			buildSettings = {
				ASSETCATALOG_COMPILER_APPICON_NAME = AppIcon;
				ASSETCATALOG_COMPILER_GLOBAL_ACCENT_COLOR_NAME = AccentColor;
				CODE_SIGN_STYLE = Automatic;
				CURRENT_PROJECT_VERSION = 1;
				DEVELOPMENT_ASSET_PATHS = "\"OwnPost/Preview Content\"";
				DEVELOPMENT_TEAM = WH3MW2N7CT;
				ENABLE_PREVIEWS = YES;
				GENERATE_INFOPLIST_FILE = YES;
				INFOPLIST_KEY_UIApplicationSceneManifest_Generation = YES;
				INFOPLIST_KEY_UIApplicationSupportsIndirectInputEvents = YES;
				INFOPLIST_KEY_UILaunchScreen_Generation = YES;
				INFOPLIST_KEY_UISupportedInterfaceOrientations_iPad = "UIInterfaceOrientationPortrait UIInterfaceOrientationPortraitUpsideDown UIInterfaceOrientationLandscapeLeft UIInterfaceOrientationLandscapeRight";
				INFOPLIST_KEY_UISupportedInterfaceOrientations_iPhone = "UIInterfaceOrientationPortrait UIInterfaceOrientationLandscapeLeft UIInterfaceOrientationLandscapeRight";
				LD_RUNPATH_SEARCH_PATHS = (
					"$(inherited)",
					"@executable_path/Frameworks",
				);
				MARKETING_VERSION = 1.0;
				PRODUCT_BUNDLE_IDENTIFIER = com.ownpost.OwnPost;
				PRODUCT_NAME = "$(TARGET_NAME)";
				SWIFT_EMIT_LOC_STRINGS = YES;
				SWIFT_VERSION = 5.0;
				TARGETED_DEVICE_FAMILY = "1,2";
			};
			name = Debug;
		};
		5052D56A2CE34481004EEAAB /* Release */ = {
			isa = XCBuildConfiguration;
			buildSettings = {
				ASSETCATALOG_COMPILER_APPICON_NAME = AppIcon;
				ASSETCATALOG_COMPILER_GLOBAL_ACCENT_COLOR_NAME = AccentColor;
				CODE_SIGN_STYLE = Automatic;
				CURRENT_PROJECT_VERSION = 1;
				DEVELOPMENT_ASSET_PATHS = "\"OwnPost/Preview Content\"";
				DEVELOPMENT_TEAM = WH3MW2N7CT;
				ENABLE_PREVIEWS = YES;
				GENERATE_INFOPLIST_FILE = YES;
				INFOPLIST_KEY_UIApplicationSceneManifest_Generation = YES;
				INFOPLIST_KEY_UIApplicationSupportsIndirectInputEvents = YES;
				INFOPLIST_KEY_UILaunchScreen_Generation = YES;
				INFOPLIST_KEY_UISupportedInterfaceOrientations_iPad = "UIInterfaceOrientationPortrait UIInterfaceOrientationPortraitUpsideDown UIInterfaceOrientationLandscapeLeft UIInterfaceOrientationLandscapeRight";
				INFOPLIST_KEY_UISupportedInterfaceOrientations_iPhone = "UIInterfaceOrientationPortrait UIInterfaceOrientationLandscapeLeft UIInterfaceOrientationLandscapeRight";
				LD_RUNPATH_SEARCH_PATHS = (
					"$(inherited)",
					"@executable_path/Frameworks",
				);
				MARKETING_VERSION = 1.0;
				PRODUCT_BUNDLE_IDENTIFIER = com.ownpost.OwnPost;
				PRODUCT_NAME = "$(TARGET_NAME)";
				SWIFT_EMIT_LOC_STRINGS = YES;
				SWIFT_VERSION = 5.0;
				TARGETED_DEVICE_FAMILY = "1,2";
			};
			name = Release;
		};
/* End XCBuildConfiguration section */

/* Begin XCConfigurationList section */
		5052D53F2CE34480004EEAAB /* Build configuration list for PBXProject "OwnPost" */ = {
			isa = XCConfigurationList;
			buildConfigurations = (
				5052D5662CE34481004EEAAB /* Debug */,
				5052D5672CE34481004EEAAB /* Release */,
			);
			defaultConfigurationIsVisible = 0;
			defaultConfigurationName = Release;
		};
		5052D5682CE34481004EEAAB /* Build configuration list for PBXNativeTarget "OwnPost" */ = {
			isa = XCConfigurationList;
			buildConfigurations = (
				5052D5692CE34481004EEAAB /* Debug */,
				5052D56A2CE34481004EEAAB /* Release */,
			);
			defaultConfigurationIsVisible = 0;
			defaultConfigurationName = Release;
		};
/* End XCConfigurationList section */

/* Begin XCRemoteSwiftPackageReference section */
		505874012D05050A0078F947 /* XCRemoteSwiftPackageReference "firebase-ios-sdk" */ = {
			isa = XCRemoteSwiftPackageReference;
			repositoryURL = "https://github.com/firebase/firebase-ios-sdk";
			requirement = {
				kind = upToNextMajorVersion;
				minimumVersion = 11.6.0;
			};
		};
/* End XCRemoteSwiftPackageReference section */

/* Begin XCSwiftPackageProductDependency section */
		505874022D05050A0078F947 /* FirebaseAuth */ = {
			isa = XCSwiftPackageProductDependency;
			package = 505874012D05050A0078F947 /* XCRemoteSwiftPackageReference "firebase-ios-sdk" */;
			productName = FirebaseAuth;
		};
		505874042D05050A0078F947 /* FirebaseFirestore */ = {
			isa = XCSwiftPackageProductDependency;
			package = 505874012D05050A0078F947 /* XCRemoteSwiftPackageReference "firebase-ios-sdk" */;
			productName = FirebaseFirestore;
		};
		505874062D05050A0078F947 /* FirebaseFirestoreCombine-Community */ = {
			isa = XCSwiftPackageProductDependency;
			package = 505874012D05050A0078F947 /* XCRemoteSwiftPackageReference "firebase-ios-sdk" */;
			productName = "FirebaseFirestoreCombine-Community";
		};
		505874082D05050A0078F947 /* FirebaseStorage */ = {
			isa = XCSwiftPackageProductDependency;
			package = 505874012D05050A0078F947 /* XCRemoteSwiftPackageReference "firebase-ios-sdk" */;
			productName = FirebaseStorage;
		};
/* End XCSwiftPackageProductDependency section */
	};
	rootObject = 5052D53C2CE34480004EEAAB /* Project object */;
}
